{
  "version": "5",
  "redirects": {
    "https://esm.sh/@supabase/node-fetch@^2.6.13?target=denonext": "https://esm.sh/@supabase/node-fetch@2.6.15?target=denonext",
    "https://esm.sh/@supabase/node-fetch@^2.6.14?target=denonext": "https://esm.sh/@supabase/node-fetch@2.6.15?target=denonext",
    "https://esm.sh/@supabase/supabase-js@2": "https://esm.sh/@supabase/supabase-js@2.58.0",
    "https://esm.sh/@types/ws@~8.18.1/index.d.mts": "https://esm.sh/@types/ws@8.18.1/index.d.mts",
    "https://esm.sh/bufferutil@^4.0.1?target=denonext": "https://esm.sh/bufferutil@4.0.9?target=denonext",
    "https://esm.sh/node-gyp-build@^4.3.0?target=denonext": "https://esm.sh/node-gyp-build@4.8.4?target=denonext",
    "https://esm.sh/tr46@~0.0.3?target=denonext": "https://esm.sh/tr46@0.0.3?target=denonext",
    "https://esm.sh/utf-8-validate@%3E=5.0.2?target=denonext": "https://esm.sh/utf-8-validate@6.0.5?target=denonext",
    "https://esm.sh/webidl-conversions@^3.0.0?target=denonext": "https://esm.sh/webidl-conversions@3.0.1?target=denonext",
    "https://esm.sh/whatwg-url@^5.0.0?target=denonext": "https://esm.sh/whatwg-url@5.0.0?target=denonext",
    "https://esm.sh/ws@^8.14.2?target=denonext": "https://esm.sh/ws@8.18.3?target=denonext"
  },
  "remote": {
    "https://deno.land/std@0.168.0/async/abortable.ts": "80b2ac399f142cc528f95a037a7d0e653296352d95c681e284533765961de409",
    "https://deno.land/std@0.168.0/async/deadline.ts": "2c2deb53c7c28ca1dda7a3ad81e70508b1ebc25db52559de6b8636c9278fd41f",
    "https://deno.land/std@0.168.0/async/debounce.ts": "60301ffb37e730cd2d6f9dadfd0ecb2a38857681bd7aaf6b0a106b06e5210a98",
    "https://deno.land/std@0.168.0/async/deferred.ts": "77d3f84255c3627f1cc88699d8472b664d7635990d5358c4351623e098e917d6",
    "https://deno.land/std@0.168.0/async/delay.ts": "5a9bfba8de38840308a7a33786a0155a7f6c1f7a859558ddcec5fe06e16daf57",
    "https://deno.land/std@0.168.0/async/mod.ts": "7809ad4bb223e40f5fdc043e5c7ca04e0e25eed35c32c3c32e28697c553fa6d9",
    "https://deno.land/std@0.168.0/async/mux_async_iterator.ts": "770a0ff26c59f8bbbda6b703a2235f04e379f73238e8d66a087edc68c2a2c35f",
    "https://deno.land/std@0.168.0/async/pool.ts": "6854d8cd675a74c73391c82005cbbe4cc58183bddcd1fbbd7c2bcda42b61cf69",
    "https://deno.land/std@0.168.0/async/retry.ts": "e8e5173623915bbc0ddc537698fa418cf875456c347eda1ed453528645b42e67",
    "https://deno.land/std@0.168.0/async/tee.ts": "3a47cc4e9a940904fd4341f0224907e199121c80b831faa5ec2b054c6d2eff5e",
    "https://deno.land/std@0.168.0/http/server.ts": "e99c1bee8a3f6571ee4cdeb2966efad465b8f6fe62bec1bdb59c1f007cc4d155",
    "https://esm.sh/@supabase/auth-js@2.65.0/denonext/auth-js.mjs": "b0dae93271b199b26f7990e9091ecd2556125f2bfe1c9a443893bf0519908858",
    "https://esm.sh/@supabase/auth-js@2.72.0/denonext/auth-js.mjs": "10cbbc4c0ecefc50d6405b050eb5f1e8569a48cb5946eac804509288861bea49",
    "https://esm.sh/@supabase/functions-js@2.4.1/denonext/functions-js.mjs": "0dfa81270bba8ae5af371b273a564203b4625b3a18e70774235b0b46ef40d940",
    "https://esm.sh/@supabase/functions-js@2.5.0/denonext/functions-js.mjs": "645db5cac9935930b4662d500fc70213d32d4717ca73d6fac0cb8127059a3f7a",
    "https://esm.sh/@supabase/node-fetch@2.6.15/denonext/node-fetch.mjs": "0bae9052231f4f6dbccc7234d05ea96923dbf967be12f402764580b6bf9f713d",
    "https://esm.sh/@supabase/node-fetch@2.6.15?target=denonext": "4d28c4ad97328403184353f68434f2b6973971507919e9150297413664919cf3",
    "https://esm.sh/@supabase/postgrest-js@1.16.1/denonext/postgrest-js.mjs": "1c62b0354f3bcf923c92a1bce3fea042ec76abc51d3aac4b53957fcb0854428a",
    "https://esm.sh/@supabase/postgrest-js@1.21.4/denonext/postgrest-js.mjs": "c3769b11ef02debc78ecf6ab4e152d3cf7dbd05bbbafeb72c160e76cc57cda3c",
    "https://esm.sh/@supabase/realtime-js@2.10.2/denonext/realtime-js.mjs": "3a5a350e881736135ec1bd8c4361c96edeb647d3c56be7cf3a68eddfaf3ce242",
    "https://esm.sh/@supabase/realtime-js@2.15.5/denonext/realtime-js.mjs": "518bdc73c29b502ba4dcf7ce2dff0ff8c1cbd8e5978f7ea2435af8214ea45dd5",
    "https://esm.sh/@supabase/storage-js@2.12.2/denonext/storage-js.mjs": "9d8c1d572691696db0294fe3a7c08991b63d704f56a1ec3d0d75907f417ca5e4",
    "https://esm.sh/@supabase/storage-js@2.7.0/denonext/storage-js.mjs": "e831f9ac91b49f5e7026879efa7b61a360bc1c4b9fa2dd9890432c2e877a6611",
    "https://esm.sh/@supabase/supabase-js@2.45.4": "1108d69216995335d057dbd15907caaf514a4d1ef082f097050573b9d589a57c",
    "https://esm.sh/@supabase/supabase-js@2.45.4/denonext/supabase-js.mjs": "8d7c017f03473b9c0f9cd1be611dc51d8c4f359183ece1fcffda731ccc55aba3",
    "https://esm.sh/@supabase/supabase-js@2.58.0": "7dabd2478b8ee4e38a36544ae38af5f437d745f55bc52d6cb0841e57b21c32a4",
    "https://esm.sh/@supabase/supabase-js@2.58.0/denonext/supabase-js.mjs": "a8631669bd5bf3242db4cd6b098270f250fc12672b787ac9801fa0d4a07aea65",
    "https://esm.sh/bufferutil@4.0.9/denonext/bufferutil.mjs": "13dca4d5bb2c68cbe119f880fa3bd785b9a81a8e02e0834dae604b4b85295cd8",
    "https://esm.sh/bufferutil@4.0.9?target=denonext": "e32574569ab438facfcc3f412c659b0719bbf05477136ca176938c9a3ac45125",
    "https://esm.sh/node-gyp-build@4.8.4/denonext/node-gyp-build.mjs": "9a86f2d044fc77bd60aaa3d697c2ba1b818da5fb1b9aaeedec59a40b8e908803",
    "https://esm.sh/node-gyp-build@4.8.4?target=denonext": "261a6cedf1fdbf159798141ba1e2311ac1510682c5c8b55dacc8cf5fdee4aa06",
    "https://esm.sh/tr46@0.0.3/denonext/tr46.mjs": "5753ec0a99414f4055f0c1f97691100f13d88e48a8443b00aebb90a512785fa2",
    "https://esm.sh/tr46@0.0.3?target=denonext": "19cb9be0f0d418a0c3abb81f2df31f080e9540a04e43b0f699bce1149cba0cbb",
    "https://esm.sh/utf-8-validate@6.0.5/denonext/utf-8-validate.mjs": "66b8ea532a0c745068f5b96ddb1bae332c3036703243541d2e89e66331974d98",
    "https://esm.sh/utf-8-validate@6.0.5?target=denonext": "071bc33ba1a58297e23a34d69dd589fd06df04b0f373b382ff5da544a623f271",
    "https://esm.sh/webidl-conversions@3.0.1/denonext/webidl-conversions.mjs": "54b5c2d50a294853c4ccebf9d5ed8988c94f4e24e463d84ec859a866ea5fafec",
    "https://esm.sh/webidl-conversions@3.0.1?target=denonext": "4e20318d50528084616c79d7b3f6e7f0fe7b6d09013bd01b3974d7448d767e29",
    "https://esm.sh/whatwg-url@5.0.0/denonext/whatwg-url.mjs": "29b16d74ee72624c915745bbd25b617cfd2248c6af0f5120d131e232a9a9af79",
    "https://esm.sh/whatwg-url@5.0.0?target=denonext": "f001a2cadf81312d214ca330033f474e74d81a003e21e8c5d70a1f46dc97b02d",
    "https://esm.sh/ws@8.18.3/denonext/ws.mjs": "063ab2c92e0908d060e4de414b74e941fbd1b3ccedfce35cc965703a8a3f86c1",
    "https://esm.sh/ws@8.18.3?target=denonext": "a5ca9d7990fc419fd8b8d06d0855bb64688769e6bb887ba07d36c13172f882b5"
  },
  "workspace": {
    "packageJson": {
      "dependencies": [
        "npm:@ai-sdk/openai@^2.0.49",
        "npm:@emotion/react@^11.14.0",
        "npm:@emotion/styled@^11.14.1",
        "npm:@eslint/eslintrc@3",
        "npm:@excalidraw/excalidraw@0.18",
        "npm:@hookform/resolvers@^5.2.1",
        "npm:@lexical/clipboard@0.35",
        "npm:@lexical/code-shiki@0.35",
        "npm:@lexical/code@0.35",
        "npm:@lexical/devtools-core@0.34",
        "npm:@lexical/dragon@0.35",
        "npm:@lexical/file@0.35",
        "npm:@lexical/hashtag@0.35",
        "npm:@lexical/headless@0.35",
        "npm:@lexical/history@0.35",
        "npm:@lexical/html@0.35",
        "npm:@lexical/link@0.34",
        "npm:@lexical/list@0.34",
        "npm:@lexical/mark@0.34",
        "npm:@lexical/markdown@0.34",
        "npm:@lexical/offset@0.34",
        "npm:@lexical/overflow@0.34",
        "npm:@lexical/plain-text@0.34",
        "npm:@lexical/react@0.34",
        "npm:@lexical/rich-text@0.34",
        "npm:@lexical/selection@0.34",
        "npm:@lexical/table@0.34",
        "npm:@lexical/text@0.34",
        "npm:@lexical/utils@0.34",
        "npm:@lexical/yjs@0.34",
        "npm:@libsql/client@~0.15.15",
        "npm:@mui/material@^7.2.0",
        "npm:@novu/react@^3.9.3",
        "npm:@radix-ui/react-accordion@^1.2.11",
        "npm:@radix-ui/react-alert-dialog@^1.1.14",
        "npm:@radix-ui/react-aspect-ratio@^1.1.7",
        "npm:@radix-ui/react-avatar@^1.1.10",
        "npm:@radix-ui/react-checkbox@^1.3.2",
        "npm:@radix-ui/react-collapsible@^1.1.12",
        "npm:@radix-ui/react-context-menu@^2.2.15",
        "npm:@radix-ui/react-dialog@^1.1.15",
        "npm:@radix-ui/react-dropdown-menu@^2.1.16",
        "npm:@radix-ui/react-hover-card@^1.1.14",
        "npm:@radix-ui/react-label@^2.1.7",
        "npm:@radix-ui/react-menubar@^1.1.15",
        "npm:@radix-ui/react-navigation-menu@^1.2.14",
        "npm:@radix-ui/react-popover@^1.1.14",
        "npm:@radix-ui/react-progress@^1.1.7",
        "npm:@radix-ui/react-radio-group@^1.3.7",
        "npm:@radix-ui/react-scroll-area@^1.2.10",
        "npm:@radix-ui/react-select@^2.2.5",
        "npm:@radix-ui/react-separator@^1.1.7",
        "npm:@radix-ui/react-slider@^1.3.5",
        "npm:@radix-ui/react-slot@^1.2.3",
        "npm:@radix-ui/react-switch@^1.2.6",
        "npm:@radix-ui/react-tabs@^1.1.12",
        "npm:@radix-ui/react-toggle-group@^1.1.10",
        "npm:@radix-ui/react-toggle@^1.1.9",
        "npm:@radix-ui/react-tooltip@^1.2.8",
        "npm:@sqlite.org/sqlite-wasm@3.50.4-build1",
        "npm:@supabase/ssr@latest",
        "npm:@supabase/supabase-js@latest",
        "npm:@tanstack/react-query-devtools@^5.84.2",
        "npm:@tanstack/react-query@^5.89.0",
        "npm:@tanstack/react-table@^8.21.3",
        "npm:@types/node@^24.5.2",
        "npm:@types/react-dom@19",
        "npm:@types/react@19",
        "npm:ai@^5.0.68",
        "npm:autoprefixer@^10.4.20",
        "npm:axios@^1.11.0",
        "npm:class-variance-authority@~0.7.1",
        "npm:clsx@^2.1.1",
        "npm:cmdk@^1.1.1",
        "npm:date-fns@^4.1.0",
        "npm:drizzle-orm@~0.44.6",
        "npm:embla-carousel-react@^8.6.0",
        "npm:eslint-config-next@15.3.1",
        "npm:eslint@9",
        "npm:highlight.js@^11.11.1",
        "npm:input-otp@^1.4.2",
        "npm:install@0.13",
        "npm:lexical@0.35",
        "npm:lodash-es@^4.17.21",
        "npm:lodash@^4.17.21",
        "npm:lowlight@^3.3.0",
        "npm:lucide-react@0.544",
        "npm:next-themes@~0.4.6",
        "npm:next@latest",
        "npm:novel@^1.0.2",
        "npm:npm@^11.5.2",
        "npm:postcss@8",
        "npm:prettier@^3.6.2",
        "npm:react-day-picker@^9.8.1",
        "npm:react-dom@19",
        "npm:react-hook-form@^7.62.0",
        "npm:react-resizable-panels@^3.0.4",
        "npm:react@19",
        "npm:recharts@^3.2.0",
        "npm:replicache-react@^5.0.1",
        "npm:replicache@^15.3.0",
        "npm:sonner@^2.0.7",
        "npm:swr@^2.3.4",
        "npm:tailwind-merge@^3.3.0",
        "npm:tailwindcss-animate@^1.0.7",
        "npm:tailwindcss@^3.4.1",
        "npm:tiptap@^1.32.2",
        "npm:typescript@5",
        "npm:use-debounce@^10.0.5",
        "npm:uuid@13",
        "npm:vaul@^1.1.2",
        "npm:y-websocket@3",
        "npm:yahoo-finance2@^2.13.3",
        "npm:zod@^4.0.14"
      ]
    }
  }
}
